
Microsoft Visual Studio Solution File, Format Version 12.00
# Visual Studio 15
VisualStudioVersion = 15.0.28307.1000
MinimumVisualStudioVersion = 10.0.40219.1
Project("{FAE04EC0-301F-11D3-BF4B-00C04F79EFBC}") = "Mantenimiento", "Mantenimiento\Mantenimiento.csproj", "{DC3F3A01-612A-42EA-BD7C-CBCC8A7AEE3B}"
EndProject
Global
	GlobalSection(SolutionConfigurationPlatforms) = preSolution
		Debug|Any CPU = Debug|Any CPU
		Release|Any CPU = Release|Any CPU
	EndGlobalSection
	GlobalSection(ProjectConfigurationPlatforms) = postSolution
		{DC3F3A01-612A-42EA-BD7C-CBCC8A7AEE3B}.Debug|Any CPU.ActiveCfg = Debug|Any CPU
		{DC3F3A01-612A-42EA-BD7C-CBCC8A7AEE3B}.Debug|Any CPU.Build.0 = Debug|Any CPU
		{DC3F3A01-612A-42EA-BD7C-CBCC8A7AEE3B}.Release|Any CPU.ActiveCfg = Release|Any CPU
		{DC3F3A01-612A-42EA-BD7C-CBCC8A7AEE3B}.Release|Any CPU.Build.0 = Release|Any CPU
	EndGlobalSection
	GlobalSection(SolutionProperties) = preSolution
		HideSolutionNode = FALSE
	EndGlobalSection
	GlobalSection(ExtensibilityGlobals) = postSolution
		SolutionGuid = {7EE5F4D2-750B-4FDE-A0EB-5069B5211190}
	EndGlobalSection
EndGlobal
